// !$*UTF8*$!
{
	archiveVersion = 1;
	classes = {
	};
	objectVersion = 77;
	objects = {

/* Begin PBXBuildFile section */
		CFBD97FB2FC3CD13003F1EAC /* StoreKit.framework in Frameworks */ = {isa = PBXBuildFile; fileRef = CFBD97FA2FC3CD13003F1EAC /* StoreKit.framework */; };
		CFBD99C92FC86C63003F1EAC /* DeviceActivity.framework in Frameworks */ = {isa = PBXBuildFile; fileRef = CFBD99C82FC86C63003F1EAC /* DeviceActivity.framework */; };
		CFBD99D12FC86C63003F1EAC /* LunixiaMonitor.appex in Embed Foundation Extensions */ = {isa = PBXBuildFile; fileRef = CFBD99C72FC86C63003F1EAC /* LunixiaMonitor.appex */; settings = {ATTRIBUTES = (RemoveHeadersOnCopy, ); }; };
		CFBD99E72FC86CB8003F1EAC /* LunixiaReport.appex in Embed ExtensionKit Extensions */ = {isa = PBXBuildFile; fileRef = CFBD99DB2FC86CB8003F1EAC /* LunixiaReport.appex */; settings = {ATTRIBUTES = (RemoveHeadersOnCopy, ); }; };
		CFF2EBEB2FD1137700998C40 /* WidgetKit.framework in Frameworks */ = {isa = PBXBuildFile; fileRef = CFF2EBEA2FD1137600998C40 /* WidgetKit.framework */; };
		CFF2EBED2FD1137700998C40 /* SwiftUI.framework in Frameworks */ = {isa = PBXBuildFile; fileRef = CFF2EBEC2FD1137700998C40 /* SwiftUI.framework */; };
		CFF2EBFE2FD1137900998C40 /* LunixiaWidgetsExtension.appex in Embed Foundation Extensions */ = {isa = PBXBuildFile; fileRef = CFF2EBE92FD1137600998C40 /* LunixiaWidgetsExtension.appex */; settings = {ATTRIBUTES = (RemoveHeadersOnCopy, ); }; };
/* End PBXBuildFile section */

/* Begin PBXContainerItemProxy section */
		CFBD99CF2FC86C63003F1EAC /* PBXContainerItemProxy */ = {
			isa = PBXContainerItemProxy;
			containerPortal = CFBD95E42FBE068A003F1EAC /* Project object */;
			proxyType = 1;
			remoteGlobalIDString = CFBD99C62FC86C63003F1EAC;
			remoteInfo = LunixiaMonitor;
		};
		CFBD99E52FC86CB8003F1EAC /* PBXContainerItemProxy */ = {
			isa = PBXContainerItemProxy;
			containerPortal = CFBD95E42FBE068A003F1EAC /* Project object */;
			proxyType = 1;
			remoteGlobalIDString = CFBD99DA2FC86CB8003F1EAC;
			remoteInfo = LunixiaReport;
		};
		CFF2EBFC2FD1137900998C40 /* PBXContainerItemProxy */ = {
			isa = PBXContainerItemProxy;
			containerPortal = CFBD95E42FBE068A003F1EAC /* Project object */;
			proxyType = 1;
			remoteGlobalIDString = CFF2EBE82FD1137600998C40;
			remoteInfo = LunixiaWidgetsExtension;
		};
/* End PBXContainerItemProxy section */

/* Begin PBXCopyFilesBuildPhase section */
		CFBD99D62FC86C63003F1EAC /* Embed Foundation Extensions */ = {
			isa = PBXCopyFilesBuildPhase;
			buildActionMask = 2147483647;
			dstPath = "";
			dstSubfolderSpec = 13;
			files = (
				CFBD99D12FC86C63003F1EAC /* LunixiaMonitor.appex in Embed Foundation Extensions */,
				CFF2EBFE2FD1137900998C40 /* LunixiaWidgetsExtension.appex in Embed Foundation Extensions */,
			);
			name = "Embed Foundation Extensions";
			runOnlyForDeploymentPostprocessing = 0;
		};
		CFBD99EC2FC86CB8003F1EAC /* Embed ExtensionKit Extensions */ = {
			isa = PBXCopyFilesBuildPhase;
			buildActionMask = 2147483647;
			dstPath = "$(EXTENSIONS_FOLDER_PATH)";
			dstSubfolderSpec = 16;
			files = (
				CFBD99E72FC86CB8003F1EAC /* LunixiaReport.appex in Embed ExtensionKit Extensions */,
			);
			name = "Embed ExtensionKit Extensions";
			runOnlyForDeploymentPostprocessing = 0;
		};
/* End PBXCopyFilesBuildPhase section */

/* Begin PBXFileReference section */
		CFBD95EC2FBE068A003F1EAC /* Lunixia.app */ = {isa = PBXFileReference; explicitFileType = wrapper.application; includeInIndex = 0; path = Lunixia.app; sourceTree = BUILT_PRODUCTS_DIR; };
		CFBD97FA2FC3CD13003F1EAC /* StoreKit.framework */ = {isa = PBXFileReference; lastKnownFileType = wrapper.framework; name = StoreKit.framework; path = System/Library/Frameworks/StoreKit.framework; sourceTree = SDKROOT; };
		CFBD99C72FC86C63003F1EAC /* LunixiaMonitor.appex */ = {isa = PBXFileReference; explicitFileType = "wrapper.app-extension"; includeInIndex = 0; path = LunixiaMonitor.appex; sourceTree = BUILT_PRODUCTS_DIR; };
		CFBD99C82FC86C63003F1EAC /* DeviceActivity.framework */ = {isa = PBXFileReference; lastKnownFileType = wrapper.framework; name = DeviceActivity.framework; path = System/Library/Frameworks/DeviceActivity.framework; sourceTree = SDKROOT; };
		CFBD99DB2FC86CB8003F1EAC /* LunixiaReport.appex */ = {isa = PBXFileReference; explicitFileType = "wrapper.extensionkit-extension"; includeInIndex = 0; path = LunixiaReport.appex; sourceTree = BUILT_PRODUCTS_DIR; };
		CFF2EBE92FD1137600998C40 /* LunixiaWidgetsExtension.appex */ = {isa = PBXFileReference; explicitFileType = "wrapper.app-extension"; includeInIndex = 0; path = LunixiaWidgetsExtension.appex; sourceTree = BUILT_PRODUCTS_DIR; };
		CFF2EBEA2FD1137600998C40 /* WidgetKit.framework */ = {isa = PBXFileReference; lastKnownFileType = wrapper.framework; name = WidgetKit.framework; path = System/Library/Frameworks/WidgetKit.framework; sourceTree = SDKROOT; };
		CFF2EBEC2FD1137700998C40 /* SwiftUI.framework */ = {isa = PBXFileReference; lastKnownFileType = wrapper.framework; name = SwiftUI.framework; path = System/Library/Frameworks/SwiftUI.framework; sourceTree = SDKROOT; };
		CFF2EC032FD11B8600998C40 /* LunixiaWidgetsExtension.entitlements */ = {isa = PBXFileReference; lastKnownFileType = text.plist.entitlements; path = LunixiaWidgetsExtension.entitlements; sourceTree = "<group>"; };
/* End PBXFileReference section */

/* Begin PBXFileSystemSynchronizedBuildFileExceptionSet section */
		CFBD95F92FBE068C003F1EAC /* Exceptions for "Lunixia" folder in "Lunixia" target */ = {
			isa = PBXFileSystemSynchronizedBuildFileExceptionSet;
			membershipExceptions = (
				Info.plist,
			);
			target = CFBD95EB2FBE068A003F1EAC /* Lunixia */;
		};
		CFBD99D52FC86C63003F1EAC /* Exceptions for "LunixiaMonitor" folder in "LunixiaMonitor" target */ = {
			isa = PBXFileSystemSynchronizedBuildFileExceptionSet;
			membershipExceptions = (
				Info.plist,
			);
			target = CFBD99C62FC86C63003F1EAC /* LunixiaMonitor */;
		};
		CFBD99EB2FC86CB8003F1EAC /* Exceptions for "LunixiaReport" folder in "LunixiaReport" target */ = {
			isa = PBXFileSystemSynchronizedBuildFileExceptionSet;
			membershipExceptions = (
				Info.plist,
			);
			target = CFBD99DA2FC86CB8003F1EAC /* LunixiaReport */;
		};
		CFF2EC022FD1137900998C40 /* Exceptions for "LunixiaWidgets" folder in "LunixiaWidgetsExtension" target */ = {
			isa = PBXFileSystemSynchronizedBuildFileExceptionSet;
			membershipExceptions = (
				Info.plist,
			);
			target = CFF2EBE82FD1137600998C40 /* LunixiaWidgetsExtension */;
		};
		CFF2EC052FD11DD800998C40 /* Exceptions for "Lunixia" folder in "LunixiaWidgetsExtension" target */ = {
			isa = PBXFileSystemSynchronizedBuildFileExceptionSet;
			membershipExceptions = (
				Models/MoonPhaseData.swift,
				Theme/LunixiaComponents.swift,
				Theme/Theme.swift,
				Utilities/MoonPhaseCalculator.swift,
				Utilities/MoonPhaseDetailData.swift,
			);
			target = CFF2EBE82FD1137600998C40 /* LunixiaWidgetsExtension */;
		};
/* End PBXFileSystemSynchronizedBuildFileExceptionSet section */

/* Begin PBXFileSystemSynchronizedRootGroup section */
		CFBD95EE2FBE068A003F1EAC /* Lunixia */ = {
			isa = PBXFileSystemSynchronizedRootGroup;
			exceptions = (
				CFBD95F92FBE068C003F1EAC /* Exceptions for "Lunixia" folder in "Lunixia" target */,
				CFF2EC052FD11DD800998C40 /* Exceptions for "Lunixia" folder in "LunixiaWidgetsExtension" target */,
			);
			path = Lunixia;
			sourceTree = "<group>";
		};
		CFBD99CA2FC86C63003F1EAC /* LunixiaMonitor */ = {
			isa = PBXFileSystemSynchronizedRootGroup;
			exceptions = (
				CFBD99D52FC86C63003F1EAC /* Exceptions for "LunixiaMonitor" folder in "LunixiaMonitor" target */,
			);
			path = LunixiaMonitor;
			sourceTree = "<group>";
		};
		CFBD99DC2FC86CB8003F1EAC /* LunixiaReport */ = {
			isa = PBXFileSystemSynchronizedRootGroup;
			exceptions = (
				CFBD99EB2FC86CB8003F1EAC /* Exceptions for "LunixiaReport" folder in "LunixiaReport" target */,
			);
			path = LunixiaReport;
			sourceTree = "<group>";
		};
		CFF2EBEE2FD1137700998C40 /* LunixiaWidgets */ = {
			isa = PBXFileSystemSynchronizedRootGroup;
			exceptions = (
				CFF2EC022FD1137900998C40 /* Exceptions for "LunixiaWidgets" folder in "LunixiaWidgetsExtension" target */,
			);
			path = LunixiaWidgets;
			sourceTree = "<group>";
		};
/* End PBXFileSystemSynchronizedRootGroup section */

/* Begin PBXFrameworksBuildPhase section */
		CFBD95E92FBE068A003F1EAC /* Frameworks */ = {
			isa = PBXFrameworksBuildPhase;
			buildActionMask = 2147483647;
			files = (
				CFBD97FB2FC3CD13003F1EAC /* StoreKit.framework in Frameworks */,
			);
			runOnlyForDeploymentPostprocessing = 0;
		};
		CFBD99C42FC86C63003F1EAC /* Frameworks */ = {
			isa = PBXFrameworksBuildPhase;
			buildActionMask = 2147483647;
			files = (
				CFBD99C92FC86C63003F1EAC /* DeviceActivity.framework in Frameworks */,
			);
			runOnlyForDeploymentPostprocessing = 0;
		};
		CFBD99D82FC86CB8003F1EAC /* Frameworks */ = {
			isa = PBXFrameworksBuildPhase;
			buildActionMask = 2147483647;
			files = (
			);
			runOnlyForDeploymentPostprocessing = 0;
		};
		CFF2EBE62FD1137600998C40 /* Frameworks */ = {
			isa = PBXFrameworksBuildPhase;
			buildActionMask = 2147483647;
			files = (
				CFF2EBED2FD1137700998C40 /* SwiftUI.framework in Frameworks */,
				CFF2EBEB2FD1137700998C40 /* WidgetKit.framework in Frameworks */,
			);
			runOnlyForDeploymentPostprocessing = 0;
		};
/* End PBXFrameworksBuildPhase section */

/* Begin PBXGroup section */
		CFBD95E32FBE068A003F1EAC = {
			isa = PBXGroup;
			children = (
				CFF2EC032FD11B8600998C40 /* LunixiaWidgetsExtension.entitlements */,
				CFBD95EE2FBE068A003F1EAC /* Lunixia */,
				CFBD99CA2FC86C63003F1EAC /* LunixiaMonitor */,
				CFBD99DC2FC86CB8003F1EAC /* LunixiaReport */,
				CFF2EBEE2FD1137700998C40 /* LunixiaWidgets */,
				CFBD97F92FC3CD13003F1EAC /* Frameworks */,
				CFBD95ED2FBE068A003F1EAC /* Products */,
			);
			sourceTree = "<group>";
		};
		CFBD95ED2FBE068A003F1EAC /* Products */ = {
			isa = PBXGroup;
			children = (
				CFBD95EC2FBE068A003F1EAC /* Lunixia.app */,
				CFBD99C72FC86C63003F1EAC /* LunixiaMonitor.appex */,
				CFBD99DB2FC86CB8003F1EAC /* LunixiaReport.appex */,
				CFF2EBE92FD1137600998C40 /* LunixiaWidgetsExtension.appex */,
			);
			name = Products;
			sourceTree = "<group>";
		};
		CFBD97F92FC3CD13003F1EAC /* Frameworks */ = {
			isa = PBXGroup;
			children = (
				CFBD97FA2FC3CD13003F1EAC /* StoreKit.framework */,
				CFBD99C82FC86C63003F1EAC /* DeviceActivity.framework */,
				CFF2EBEA2FD1137600998C40 /* WidgetKit.framework */,
				CFF2EBEC2FD1137700998C40 /* SwiftUI.framework */,
			);
			name = Frameworks;
			sourceTree = "<group>";
		};
/* End PBXGroup section */

/* Begin PBXNativeTarget section */
		CFBD95EB2FBE068A003F1EAC /* Lunixia */ = {
			isa = PBXNativeTarget;
			buildConfigurationList = CFBD95FA2FBE068C003F1EAC /* Build configuration list for PBXNativeTarget "Lunixia" */;
			buildPhases = (
				CFBD95E82FBE068A003F1EAC /* Sources */,
				CFBD95E92FBE068A003F1EAC /* Frameworks */,
				CFBD95EA2FBE068A003F1EAC /* Resources */,
				CFBD99D62FC86C63003F1EAC /* Embed Foundation Extensions */,
				CFBD99EC2FC86CB8003F1EAC /* Embed ExtensionKit Extensions */,
			);
			buildRules = (
			);
			dependencies = (
				CFBD99D02FC86C63003F1EAC /* PBXTargetDependency */,
				CFBD99E62FC86CB8003F1EAC /* PBXTargetDependency */,
				CFF2EBFD2FD1137900998C40 /* PBXTargetDependency */,
			);
			fileSystemSynchronizedGroups = (
				CFBD95EE2FBE068A003F1EAC /* Lunixia */,
			);
			name = Lunixia;
			packageProductDependencies = (
			);
			productName = Lunixia;
			productReference = CFBD95EC2FBE068A003F1EAC /* Lunixia.app */;
			productType = "com.apple.product-type.application";
		};
		CFBD99C62FC86C63003F1EAC /* LunixiaMonitor */ = {
			isa = PBXNativeTarget;
			buildConfigurationList = CFBD99D22FC86C63003F1EAC /* Build configuration list for PBXNativeTarget "LunixiaMonitor" */;
			buildPhases = (
				CFBD99C32FC86C63003F1EAC /* Sources */,
				CFBD99C42FC86C63003F1EAC /* Frameworks */,
				CFBD99C52FC86C63003F1EAC /* Resources */,
			);
			buildRules = (
			);
			dependencies = (
			);
			fileSystemSynchronizedGroups = (
				CFBD99CA2FC86C63003F1EAC /* LunixiaMonitor */,
			);
			name = LunixiaMonitor;
			packageProductDependencies = (
			);
			productName = LunixiaMonitor;
			productReference = CFBD99C72FC86C63003F1EAC /* LunixiaMonitor.appex */;
			productType = "com.apple.product-type.app-extension";
		};
		CFBD99DA2FC86CB8003F1EAC /* LunixiaReport */ = {
			isa = PBXNativeTarget;
			buildConfigurationList = CFBD99E82FC86CB8003F1EAC /* Build configuration list for PBXNativeTarget "LunixiaReport" */;
			buildPhases = (
				CFBD99D72FC86CB8003F1EAC /* Sources */,
				CFBD99D82FC86CB8003F1EAC /* Frameworks */,
				CFBD99D92FC86CB8003F1EAC /* Resources */,
			);
			buildRules = (
			);
			dependencies = (
			);
			fileSystemSynchronizedGroups = (
				CFBD99DC2FC86CB8003F1EAC /* LunixiaReport */,
			);
			name = LunixiaReport;
			packageProductDependencies = (
			);
			productName = LunixiaReport;
			productReference = CFBD99DB2FC86CB8003F1EAC /* LunixiaReport.appex */;
			productType = "com.apple.product-type.extensionkit-extension";
		};
		CFF2EBE82FD1137600998C40 /* LunixiaWidgetsExtension */ = {
			isa = PBXNativeTarget;
			buildConfigurationList = CFF2EC012FD1137900998C40 /* Build configuration list for PBXNativeTarget "LunixiaWidgetsExtension" */;
			buildPhases = (
				CFF2EBE52FD1137600998C40 /* Sources */,
				CFF2EBE62FD1137600998C40 /* Frameworks */,
				CFF2EBE72FD1137600998C40 /* Resources */,
			);
			buildRules = (
			);
			dependencies = (
			);
			fileSystemSynchronizedGroups = (
				CFF2EBEE2FD1137700998C40 /* LunixiaWidgets */,
			);
			name = LunixiaWidgetsExtension;
			packageProductDependencies = (
			);
			productName = LunixiaWidgetsExtension;
			productReference = CFF2EBE92FD1137600998C40 /* LunixiaWidgetsExtension.appex */;
			productType = "com.apple.product-type.app-extension";
		};
/* End PBXNativeTarget section */

/* Begin PBXProject section */
		CFBD95E42FBE068A003F1EAC /* Project object */ = {
			isa = PBXProject;
			attributes = {
				BuildIndependentTargetsInParallel = 1;
				LastSwiftUpdateCheck = 2650;
				LastUpgradeCheck = 2650;
				TargetAttributes = {
					CFBD95EB2FBE068A003F1EAC = {
						CreatedOnToolsVersion = 26.5;
					};
					CFBD99C62FC86C63003F1EAC = {
						CreatedOnToolsVersion = 26.5;
					};
					CFBD99DA2FC86CB8003F1EAC = {
						CreatedOnToolsVersion = 26.5;
					};
					CFF2EBE82FD1137600998C40 = {
						CreatedOnToolsVersion = 26.5;
					};
				};
			};
			buildConfigurationList = CFBD95E72FBE068A003F1EAC /* Build configuration list for PBXProject "Lunixia" */;
			developmentRegion = en;
			hasScannedForEncodings = 0;
			knownRegions = (
				en,
				Base,
			);
			mainGroup = CFBD95E32FBE068A003F1EAC;
			minimizedProjectReferenceProxies = 1;
			preferredProjectObjectVersion = 77;
			productRefGroup = CFBD95ED2FBE068A003F1EAC /* Products */;
			projectDirPath = "";
			projectRoot = "";
			targets = (
				CFBD95EB2FBE068A003F1EAC /* Lunixia */,
				CFBD99C62FC86C63003F1EAC /* LunixiaMonitor */,
				CFBD99DA2FC86CB8003F1EAC /* LunixiaReport */,
				CFF2EBE82FD1137600998C40 /* LunixiaWidgetsExtension */,
			);
		};
/* End PBXProject section */

/* Begin PBXResourcesBuildPhase section */
		CFBD95EA2FBE068A003F1EAC /* Resources */ = {
			isa = PBXResourcesBuildPhase;
			buildActionMask = 2147483647;
			files = (
			);
			runOnlyForDeploymentPostprocessing = 0;
		};
		CFBD99C52FC86C63003F1EAC /* Resources */ = {
			isa = PBXResourcesBuildPhase;
			buildActionMask = 2147483647;
			files = (
			);
			runOnlyForDeploymentPostprocessing = 0;
		};
		CFBD99D92FC86CB8003F1EAC /* Resources */ = {
			isa = PBXResourcesBuildPhase;
			buildActionMask = 2147483647;
			files = (
			);
			runOnlyForDeploymentPostprocessing = 0;
		};
		CFF2EBE72FD1137600998C40 /* Resources */ = {
			isa = PBXResourcesBuildPhase;
			buildActionMask = 2147483647;
			files = (
			);
			runOnlyForDeploymentPostprocessing = 0;
		};
/* End PBXResourcesBuildPhase section */

/* Begin PBXSourcesBuildPhase section */
		CFBD95E82FBE068A003F1EAC /* Sources */ = {
			isa = PBXSourcesBuildPhase;
			buildActionMask = 2147483647;
			files = (
			);
			runOnlyForDeploymentPostprocessing = 0;
		};
		CFBD99C32FC86C63003F1EAC /* Sources */ = {
			isa = PBXSourcesBuildPhase;
			buildActionMask = 2147483647;
			files = (
			);
			runOnlyForDeploymentPostprocessing = 0;
		};
		CFBD99D72FC86CB8003F1EAC /* Sources */ = {
			isa = PBXSourcesBuildPhase;
			buildActionMask = 2147483647;
			files = (
			);
			runOnlyForDeploymentPostprocessing = 0;
		};
		CFF2EBE52FD1137600998C40 /* Sources */ = {
			isa = PBXSourcesBuildPhase;
			buildActionMask = 2147483647;
			files = (
			);
			runOnlyForDeploymentPostprocessing = 0;
		};
/* End PBXSourcesBuildPhase section */

/* Begin PBXTargetDependency section */
		CFBD99D02FC86C63003F1EAC /* PBXTargetDependency */ = {
			isa = PBXTargetDependency;
			target = CFBD99C62FC86C63003F1EAC /* LunixiaMonitor */;
			targetProxy = CFBD99CF2FC86C63003F1EAC /* PBXContainerItemProxy */;
		};
		CFBD99E62FC86CB8003F1EAC /* PBXTargetDependency */ = {
			isa = PBXTargetDependency;
			target = CFBD99DA2FC86CB8003F1EAC /* LunixiaReport */;
			targetProxy = CFBD99E52FC86CB8003F1EAC /* PBXContainerItemProxy */;
		};
		CFF2EBFD2FD1137900998C40 /* PBXTargetDependency */ = {
			isa = PBXTargetDependency;
			target = CFF2EBE82FD1137600998C40 /* LunixiaWidgetsExtension */;
			targetProxy = CFF2EBFC2FD1137900998C40 /* PBXContainerItemProxy */;
		};
/* End PBXTargetDependency section */

/* Begin XCBuildConfiguration section */
		CFBD95FB2FBE068C003F1EAC /* Debug */ = {
			isa = XCBuildConfiguration;
			buildSettings = {
				ASSETCATALOG_COMPILER_APPICON_NAME = AppIcon;
				ASSETCATALOG_COMPILER_GLOBAL_ACCENT_COLOR_NAME = AccentColor;
				ASSETCATALOG_COMPILER_INCLUDE_ALL_APPICON_ASSETS = YES;
				CODE_SIGN_ENTITLEMENTS = Lunixia/Lunixia.entitlements;
				CODE_SIGN_STYLE = Automatic;
				CURRENT_PROJECT_VERSION = 1;
				DEVELOPMENT_TEAM = PLRRW8XCVU;
				ENABLE_PREVIEWS = YES;
				GENERATE_INFOPLIST_FILE = YES;
				INFOPLIST_FILE = Lunixia/Info.plist;
				INFOPLIST_KEY_CFBundleDisplayName = Lunixia;
				INFOPLIST_KEY_NSHealthShareUsageDescription = "Export and share selected health information with doctors, caregivers, loved ones, or anyone you choose whenever you need it.";
				INFOPLIST_KEY_UIApplicationSceneManifest_Generation = YES;
				INFOPLIST_KEY_UIApplicationSupportsIndirectInputEvents = YES;
				INFOPLIST_KEY_UILaunchScreen_Generation = YES;
				INFOPLIST_KEY_UISupportedInterfaceOrientations_iPad = "UIInterfaceOrientationPortrait UIInterfaceOrientationPortraitUpsideDown UIInterfaceOrientationLandscapeLeft UIInterfaceOrientationLandscapeRight";
				INFOPLIST_KEY_UISupportedInterfaceOrientations_iPhone = "UIInterfaceOrientationPortrait UIInterfaceOrientationLandscapeLeft UIInterfaceOrientationLandscapeRight";
				LD_RUNPATH_SEARCH_PATHS = (
					"$(inherited)",
					"@executable_path/Frameworks",
				);
				MARKETING_VERSION = 1.0;
				PRODUCT_BUNDLE_IDENTIFIER = im.lystaria.Lunixia;
				PRODUCT_NAME = "$(TARGET_NAME)";
				STRING_CATALOG_GENERATE_SYMBOLS = YES;
				SUPPORTED_PLATFORMS = "iphoneos iphonesimulator";
				SUPPORTS_MACCATALYST = NO;
				SUPPORTS_MAC_DESIGNED_FOR_IPHONE_IPAD = NO;
				SUPPORTS_XR_DESIGNED_FOR_IPHONE_IPAD = NO;
				SWIFT_APPROACHABLE_CONCURRENCY = YES;
				SWIFT_DEFAULT_ACTOR_ISOLATION = MainActor;
				SWIFT_EMIT_LOC_STRINGS = YES;
				SWIFT_UPCOMING_FEATURE_MEMBER_IMPORT_VISIBILITY = YES;
				SWIFT_VERSION = 5.0;
				TARGETED_DEVICE_FAMILY = "1,2";
			};
			name = Debug;
		};
		CFBD95FC2FBE068C003F1EAC /* Release */ = {
			isa = XCBuildConfiguration;
			buildSettings = {
				ASSETCATALOG_COMPILER_APPICON_NAME = AppIcon;
				ASSETCATALOG_COMPILER_GLOBAL_ACCENT_COLOR_NAME = AccentColor;
				ASSETCATALOG_COMPILER_INCLUDE_ALL_APPICON_ASSETS = YES;
				CODE_SIGN_ENTITLEMENTS = Lunixia/Lunixia.entitlements;
				CODE_SIGN_STYLE = Automatic;
				CURRENT_PROJECT_VERSION = 1;
				DEVELOPMENT_TEAM = PLRRW8XCVU;
				ENABLE_PREVIEWS = YES;
				GENERATE_INFOPLIST_FILE = YES;
				INFOPLIST_FILE = Lunixia/Info.plist;
				INFOPLIST_KEY_CFBundleDisplayName = Lunixia;
				INFOPLIST_KEY_NSHealthShareUsageDescription = "Export and share selected health information with doctors, caregivers, loved ones, or anyone you choose whenever you need it.";
				INFOPLIST_KEY_UIApplicationSceneManifest_Generation = YES;
				INFOPLIST_KEY_UIApplicationSupportsIndirectInputEvents = YES;
				INFOPLIST_KEY_UILaunchScreen_Generation = YES;
				INFOPLIST_KEY_UISupportedInterfaceOrientations_iPad = "UIInterfaceOrientationPortrait UIInterfaceOrientationPortraitUpsideDown UIInterfaceOrientationLandscapeLeft UIInterfaceOrientationLandscapeRight";
				INFOPLIST_KEY_UISupportedInterfaceOrientations_iPhone = "UIInterfaceOrientationPortrait UIInterfaceOrientationLandscapeLeft UIInterfaceOrientationLandscapeRight";
				LD_RUNPATH_SEARCH_PATHS = (
					"$(inherited)",
					"@executable_path/Frameworks",
				);
				MARKETING_VERSION = 1.0;
				PRODUCT_BUNDLE_IDENTIFIER = im.lystaria.Lunixia;
				PRODUCT_NAME = "$(TARGET_NAME)";
				STRING_CATALOG_GENERATE_SYMBOLS = YES;
				SUPPORTED_PLATFORMS = "iphoneos iphonesimulator";
				SUPPORTS_MACCATALYST = NO;
				SUPPORTS_MAC_DESIGNED_FOR_IPHONE_IPAD = NO;
				SUPPORTS_XR_DESIGNED_FOR_IPHONE_IPAD = NO;
				SWIFT_APPROACHABLE_CONCURRENCY = YES;
				SWIFT_DEFAULT_ACTOR_ISOLATION = MainActor;
				SWIFT_EMIT_LOC_STRINGS = YES;
				SWIFT_UPCOMING_FEATURE_MEMBER_IMPORT_VISIBILITY = YES;
				SWIFT_VERSION = 5.0;
				TARGETED_DEVICE_FAMILY = "1,2";
			};
			name = Release;
		};
		CFBD95FD2FBE068C003F1EAC /* Debug */ = {
			isa = XCBuildConfiguration;
			buildSettings = {
				ALWAYS_SEARCH_USER_PATHS = NO;
				ASSETCATALOG_COMPILER_GENERATE_SWIFT_ASSET_SYMBOL_EXTENSIONS = YES;
				CLANG_ANALYZER_NONNULL = YES;
				CLANG_ANALYZER_NUMBER_OBJECT_CONVERSION = YES_AGGRESSIVE;
				CLANG_CXX_LANGUAGE_STANDARD = "gnu++20";
				CLANG_ENABLE_MODULES = YES;
				CLANG_ENABLE_OBJC_ARC = YES;
				CLANG_ENABLE_OBJC_WEAK = YES;
				CLANG_WARN_BLOCK_CAPTURE_AUTORELEASING = YES;
				CLANG_WARN_BOOL_CONVERSION = YES;
				CLANG_WARN_COMMA = YES;
				CLANG_WARN_CONSTANT_CONVERSION = YES;
				CLANG_WARN_DEPRECATED_OBJC_IMPLEMENTATIONS = YES;
				CLANG_WARN_DIRECT_OBJC_ISA_USAGE = YES_ERROR;
				CLANG_WARN_DOCUMENTATION_COMMENTS = YES;
				CLANG_WARN_EMPTY_BODY = YES;
				CLANG_WARN_ENUM_CONVERSION = YES;
				CLANG_WARN_INFINITE_RECURSION = YES;
				CLANG_WARN_INT_CONVERSION = YES;
				CLANG_WARN_NON_LITERAL_NULL_CONVERSION = YES;
				CLANG_WARN_OBJC_IMPLICIT_RETAIN_SELF = YES;
				CLANG_WARN_OBJC_LITERAL_CONVERSION = YES;
				CLANG_WARN_OBJC_ROOT_CLASS = YES_ERROR;
				CLANG_WARN_QUOTED_INCLUDE_IN_FRAMEWORK_HEADER = YES;
				CLANG_WARN_RANGE_LOOP_ANALYSIS = YES;
				CLANG_WARN_STRICT_PROTOTYPES = YES;
				CLANG_WARN_SUSPICIOUS_MOVE = YES;
				CLANG_WARN_UNGUARDED_AVAILABILITY = YES_AGGRESSIVE;
				CLANG_WARN_UNREACHABLE_CODE = YES;
				CLANG_WARN__DUPLICATE_METHOD_MATCH = YES;
				COPY_PHASE_STRIP = NO;
				DEBUG_INFORMATION_FORMAT = dwarf;
				DEVELOPMENT_TEAM = PLRRW8XCVU;
				ENABLE_STRICT_OBJC_MSGSEND = YES;
				ENABLE_TESTABILITY = YES;
				ENABLE_USER_SCRIPT_SANDBOXING = YES;
				GCC_C_LANGUAGE_STANDARD = gnu17;
				GCC_DYNAMIC_NO_PIC = NO;
				GCC_NO_COMMON_BLOCKS = YES;
				GCC_OPTIMIZATION_LEVEL = 0;
				GCC_PREPROCESSOR_DEFINITIONS = (
					"DEBUG=1",
					"$(inherited)",
				);
				GCC_WARN_64_TO_32_BIT_CONVERSION = YES;
				GCC_WARN_ABOUT_RETURN_TYPE = YES_ERROR;
				GCC_WARN_UNDECLARED_SELECTOR = YES;
				GCC_WARN_UNINITIALIZED_AUTOS = YES_AGGRESSIVE;
				GCC_WARN_UNUSED_FUNCTION = YES;
				GCC_WARN_UNUSED_VARIABLE = YES;
				IPHONEOS_DEPLOYMENT_TARGET = 26.5;
				LOCALIZATION_PREFERS_STRING_CATALOGS = YES;
				MTL_ENABLE_DEBUG_INFO = INCLUDE_SOURCE;
				MTL_FAST_MATH = YES;
				ONLY_ACTIVE_ARCH = YES;
				SDKROOT = iphoneos;
				SWIFT_ACTIVE_COMPILATION_CONDITIONS = "DEBUG $(inherited)";
				SWIFT_OPTIMIZATION_LEVEL = "-Onone";
			};
			name = Debug;
		};
		CFBD95FE2FBE068C003F1EAC /* Release */ = {
			isa = XCBuildConfiguration;
			buildSettings = {
				ALWAYS_SEARCH_USER_PATHS = NO;
				ASSETCATALOG_COMPILER_GENERATE_SWIFT_ASSET_SYMBOL_EXTENSIONS = YES;
				CLANG_ANALYZER_NONNULL = YES;
				CLANG_ANALYZER_NUMBER_OBJECT_CONVERSION = YES_AGGRESSIVE;
				CLANG_CXX_LANGUAGE_STANDARD = "gnu++20";
				CLANG_ENABLE_MODULES = YES;
				CLANG_ENABLE_OBJC_ARC = YES;
				CLANG_ENABLE_OBJC_WEAK = YES;
				CLANG_WARN_BLOCK_CAPTURE_AUTORELEASING = YES;
				CLANG_WARN_BOOL_CONVERSION = YES;
				CLANG_WARN_COMMA = YES;
				CLANG_WARN_CONSTANT_CONVERSION = YES;
				CLANG_WARN_DEPRECATED_OBJC_IMPLEMENTATIONS = YES;
				CLANG_WARN_DIRECT_OBJC_ISA_USAGE = YES_ERROR;
				CLANG_WARN_DOCUMENTATION_COMMENTS = YES;
				CLANG_WARN_EMPTY_BODY = YES;
				CLANG_WARN_ENUM_CONVERSION = YES;
				CLANG_WARN_INFINITE_RECURSION = YES;
				CLANG_WARN_INT_CONVERSION = YES;
				CLANG_WARN_NON_LITERAL_NULL_CONVERSION = YES;
				CLANG_WARN_OBJC_IMPLICIT_RETAIN_SELF = YES;
				CLANG_WARN_OBJC_LITERAL_CONVERSION = YES;
				CLANG_WARN_OBJC_ROOT_CLASS = YES_ERROR;
				CLANG_WARN_QUOTED_INCLUDE_IN_FRAMEWORK_HEADER = YES;
				CLANG_WARN_RANGE_LOOP_ANALYSIS = YES;
				CLANG_WARN_STRICT_PROTOTYPES = YES;
				CLANG_WARN_SUSPICIOUS_MOVE = YES;
				CLANG_WARN_UNGUARDED_AVAILABILITY = YES_AGGRESSIVE;
				CLANG_WARN_UNREACHABLE_CODE = YES;
				CLANG_WARN__DUPLICATE_METHOD_MATCH = YES;
				COPY_PHASE_STRIP = NO;
				DEBUG_INFORMATION_FORMAT = "dwarf-with-dsym";
				DEVELOPMENT_TEAM = PLRRW8XCVU;
				ENABLE_NS_ASSERTIONS = NO;
				ENABLE_STRICT_OBJC_MSGSEND = YES;
				ENABLE_USER_SCRIPT_SANDBOXING = YES;
				GCC_C_LANGUAGE_STANDARD = gnu17;
				GCC_NO_COMMON_BLOCKS = YES;
				GCC_WARN_64_TO_32_BIT_CONVERSION = YES;
				GCC_WARN_ABOUT_RETURN_TYPE = YES_ERROR;
				GCC_WARN_UNDECLARED_SELECTOR = YES;
				GCC_WARN_UNINITIALIZED_AUTOS = YES_AGGRESSIVE;
				GCC_WARN_UNUSED_FUNCTION = YES;
				GCC_WARN_UNUSED_VARIABLE = YES;
				IPHONEOS_DEPLOYMENT_TARGET = 26.5;
				LOCALIZATION_PREFERS_STRING_CATALOGS = YES;
				MTL_ENABLE_DEBUG_INFO = NO;
				MTL_FAST_MATH = YES;
				SDKROOT = iphoneos;
				SWIFT_COMPILATION_MODE = wholemodule;
				VALIDATE_PRODUCT = YES;
			};
			name = Release;
		};
		CFBD99D32FC86C63003F1EAC /* Debug */ = {
			isa = XCBuildConfiguration;
			buildSettings = {
				CODE_SIGN_ENTITLEMENTS = LunixiaMonitor/LunixiaMonitor.entitlements;
				CODE_SIGN_STYLE = Automatic;
				CURRENT_PROJECT_VERSION = 1;
				DEVELOPMENT_TEAM = PLRRW8XCVU;
				GENERATE_INFOPLIST_FILE = YES;
				INFOPLIST_FILE = LunixiaMonitor/Info.plist;
				INFOPLIST_KEY_CFBundleDisplayName = LunixiaMonitor;
				INFOPLIST_KEY_NSHumanReadableCopyright = "";
				LD_RUNPATH_SEARCH_PATHS = (
					"$(inherited)",
					"@executable_path/Frameworks",
					"@executable_path/../../Frameworks",
				);
				MARKETING_VERSION = 1.0;
				PRODUCT_BUNDLE_IDENTIFIER = im.lystaria.Lunixia.LunixiaMonitor;
				PRODUCT_NAME = "$(TARGET_NAME)";
				SKIP_INSTALL = YES;
				STRING_CATALOG_GENERATE_SYMBOLS = YES;
				SUPPORTED_PLATFORMS = "iphoneos iphonesimulator";
				SUPPORTS_MACCATALYST = NO;
				SUPPORTS_MAC_DESIGNED_FOR_IPHONE_IPAD = NO;
				SUPPORTS_XR_DESIGNED_FOR_IPHONE_IPAD = NO;
				SWIFT_APPROACHABLE_CONCURRENCY = YES;
				SWIFT_EMIT_LOC_STRINGS = YES;
				SWIFT_UPCOMING_FEATURE_MEMBER_IMPORT_VISIBILITY = YES;
				SWIFT_VERSION = 5.0;
				TARGETED_DEVICE_FAMILY = "1,2";
			};
			name = Debug;
		};
		CFBD99D42FC86C63003F1EAC /* Release */ = {
			isa = XCBuildConfiguration;
			buildSettings = {
				CODE_SIGN_ENTITLEMENTS = LunixiaMonitor/LunixiaMonitor.entitlements;
				CODE_SIGN_STYLE = Automatic;
				CURRENT_PROJECT_VERSION = 1;
				DEVELOPMENT_TEAM = PLRRW8XCVU;
				GENERATE_INFOPLIST_FILE = YES;
				INFOPLIST_FILE = LunixiaMonitor/Info.plist;
				INFOPLIST_KEY_CFBundleDisplayName = LunixiaMonitor;
				INFOPLIST_KEY_NSHumanReadableCopyright = "";
				LD_RUNPATH_SEARCH_PATHS = (
					"$(inherited)",
					"@executable_path/Frameworks",
					"@executable_path/../../Frameworks",
				);
				MARKETING_VERSION = 1.0;
				PRODUCT_BUNDLE_IDENTIFIER = im.lystaria.Lunixia.LunixiaMonitor;
				PRODUCT_NAME = "$(TARGET_NAME)";
				SKIP_INSTALL = YES;
				STRING_CATALOG_GENERATE_SYMBOLS = YES;
				SUPPORTED_PLATFORMS = "iphoneos iphonesimulator";
				SUPPORTS_MACCATALYST = NO;
				SUPPORTS_MAC_DESIGNED_FOR_IPHONE_IPAD = NO;
				SUPPORTS_XR_DESIGNED_FOR_IPHONE_IPAD = NO;
				SWIFT_APPROACHABLE_CONCURRENCY = YES;
				SWIFT_EMIT_LOC_STRINGS = YES;
				SWIFT_UPCOMING_FEATURE_MEMBER_IMPORT_VISIBILITY = YES;
				SWIFT_VERSION = 5.0;
				TARGETED_DEVICE_FAMILY = "1,2";
			};
			name = Release;
		};
		CFBD99E92FC86CB8003F1EAC /* Debug */ = {
			isa = XCBuildConfiguration;
			buildSettings = {
				CODE_SIGN_ENTITLEMENTS = LunixiaReport/LunixiaReport.entitlements;
				CODE_SIGN_STYLE = Automatic;
				CURRENT_PROJECT_VERSION = 1;
				DEVELOPMENT_TEAM = PLRRW8XCVU;
				GENERATE_INFOPLIST_FILE = YES;
				INFOPLIST_FILE = LunixiaReport/Info.plist;
				INFOPLIST_KEY_CFBundleDisplayName = LunixiaReport;
				INFOPLIST_KEY_NSHumanReadableCopyright = "";
				LD_RUNPATH_SEARCH_PATHS = (
					"$(inherited)",
					"@executable_path/Frameworks",
					"@executable_path/../../Frameworks",
				);
				MARKETING_VERSION = 1.0;
				PRODUCT_BUNDLE_IDENTIFIER = im.lystaria.Lunixia.LunixiaReport;
				PRODUCT_NAME = "$(TARGET_NAME)";
				SKIP_INSTALL = YES;
				STRING_CATALOG_GENERATE_SYMBOLS = YES;
				SUPPORTED_PLATFORMS = "iphoneos iphonesimulator";
				SUPPORTS_MACCATALYST = NO;
				SUPPORTS_MAC_DESIGNED_FOR_IPHONE_IPAD = NO;
				SUPPORTS_XR_DESIGNED_FOR_IPHONE_IPAD = NO;
				SWIFT_APPROACHABLE_CONCURRENCY = YES;
				SWIFT_EMIT_LOC_STRINGS = YES;
				SWIFT_UPCOMING_FEATURE_MEMBER_IMPORT_VISIBILITY = YES;
				SWIFT_VERSION = 5.0;
				TARGETED_DEVICE_FAMILY = "1,2";
			};
			name = Debug;
		};
		CFBD99EA2FC86CB8003F1EAC /* Release */ = {
			isa = XCBuildConfiguration;
			buildSettings = {
				CODE_SIGN_ENTITLEMENTS = LunixiaReport/LunixiaReport.entitlements;
				CODE_SIGN_STYLE = Automatic;
				CURRENT_PROJECT_VERSION = 1;
				DEVELOPMENT_TEAM = PLRRW8XCVU;
				GENERATE_INFOPLIST_FILE = YES;
				INFOPLIST_FILE = LunixiaReport/Info.plist;
				INFOPLIST_KEY_CFBundleDisplayName = LunixiaReport;
				INFOPLIST_KEY_NSHumanReadableCopyright = "";
				LD_RUNPATH_SEARCH_PATHS = (
					"$(inherited)",
					"@executable_path/Frameworks",
					"@executable_path/../../Frameworks",
				);
				MARKETING_VERSION = 1.0;
				PRODUCT_BUNDLE_IDENTIFIER = im.lystaria.Lunixia.LunixiaReport;
				PRODUCT_NAME = "$(TARGET_NAME)";
				SKIP_INSTALL = YES;
				STRING_CATALOG_GENERATE_SYMBOLS = YES;
				SUPPORTED_PLATFORMS = "iphoneos iphonesimulator";
				SUPPORTS_MACCATALYST = NO;
				SUPPORTS_MAC_DESIGNED_FOR_IPHONE_IPAD = NO;
				SUPPORTS_XR_DESIGNED_FOR_IPHONE_IPAD = NO;
				SWIFT_APPROACHABLE_CONCURRENCY = YES;
				SWIFT_EMIT_LOC_STRINGS = YES;
				SWIFT_UPCOMING_FEATURE_MEMBER_IMPORT_VISIBILITY = YES;
				SWIFT_VERSION = 5.0;
				TARGETED_DEVICE_FAMILY = "1,2";
			};
			name = Release;
		};
		CFF2EBFF2FD1137900998C40 /* Debug */ = {
			isa = XCBuildConfiguration;
			buildSettings = {
				ASSETCATALOG_COMPILER_GLOBAL_ACCENT_COLOR_NAME = AccentColor;
				ASSETCATALOG_COMPILER_WIDGET_BACKGROUND_COLOR_NAME = WidgetBackground;
				CODE_SIGN_ENTITLEMENTS = LunixiaWidgetsExtension.entitlements;
				CODE_SIGN_STYLE = Automatic;
				CURRENT_PROJECT_VERSION = 1;
				DEVELOPMENT_TEAM = PLRRW8XCVU;
				GENERATE_INFOPLIST_FILE = YES;
				INFOPLIST_FILE = LunixiaWidgets/Info.plist;
				INFOPLIST_KEY_CFBundleDisplayName = LunixiaWidgets;
				INFOPLIST_KEY_NSHumanReadableCopyright = "";
				LD_RUNPATH_SEARCH_PATHS = (
					"$(inherited)",
					"@executable_path/Frameworks",
					"@executable_path/../../Frameworks",
				);
				MARKETING_VERSION = 1.0;
				PRODUCT_BUNDLE_IDENTIFIER = im.lystaria.Lunixia.LunixiaWidgets;
				PRODUCT_NAME = "$(TARGET_NAME)";
				SKIP_INSTALL = YES;
				STRING_CATALOG_GENERATE_SYMBOLS = YES;
				SUPPORTED_PLATFORMS = "iphoneos iphonesimulator";
				SUPPORTS_MACCATALYST = NO;
				SUPPORTS_MAC_DESIGNED_FOR_IPHONE_IPAD = NO;
				SUPPORTS_XR_DESIGNED_FOR_IPHONE_IPAD = NO;
				SWIFT_APPROACHABLE_CONCURRENCY = YES;
				SWIFT_EMIT_LOC_STRINGS = YES;
				SWIFT_UPCOMING_FEATURE_MEMBER_IMPORT_VISIBILITY = YES;
				SWIFT_VERSION = 5.0;
				TARGETED_DEVICE_FAMILY = "1,2";
			};
			name = Debug;
		};
		CFF2EC002FD1137900998C40 /* Release */ = {
			isa = XCBuildConfiguration;
			buildSettings = {
				ASSETCATALOG_COMPILER_GLOBAL_ACCENT_COLOR_NAME = AccentColor;
				ASSETCATALOG_COMPILER_WIDGET_BACKGROUND_COLOR_NAME = WidgetBackground;
				CODE_SIGN_ENTITLEMENTS = LunixiaWidgetsExtension.entitlements;
				CODE_SIGN_STYLE = Automatic;
				CURRENT_PROJECT_VERSION = 1;
				DEVELOPMENT_TEAM = PLRRW8XCVU;
				GENERATE_INFOPLIST_FILE = YES;
				INFOPLIST_FILE = LunixiaWidgets/Info.plist;
				INFOPLIST_KEY_CFBundleDisplayName = LunixiaWidgets;
				INFOPLIST_KEY_NSHumanReadableCopyright = "";
				LD_RUNPATH_SEARCH_PATHS = (
					"$(inherited)",
					"@executable_path/Frameworks",
					"@executable_path/../../Frameworks",
				);
				MARKETING_VERSION = 1.0;
				PRODUCT_BUNDLE_IDENTIFIER = im.lystaria.Lunixia.LunixiaWidgets;
				PRODUCT_NAME = "$(TARGET_NAME)";
				SKIP_INSTALL = YES;
				STRING_CATALOG_GENERATE_SYMBOLS = YES;
				SUPPORTED_PLATFORMS = "iphoneos iphonesimulator";
				SUPPORTS_MACCATALYST = NO;
				SUPPORTS_MAC_DESIGNED_FOR_IPHONE_IPAD = NO;
				SUPPORTS_XR_DESIGNED_FOR_IPHONE_IPAD = NO;
				SWIFT_APPROACHABLE_CONCURRENCY = YES;
				SWIFT_EMIT_LOC_STRINGS = YES;
				SWIFT_UPCOMING_FEATURE_MEMBER_IMPORT_VISIBILITY = YES;
				SWIFT_VERSION = 5.0;
				TARGETED_DEVICE_FAMILY = "1,2";
			};
			name = Release;
		};
/* End XCBuildConfiguration section */

/* Begin XCConfigurationList section */
		CFBD95E72FBE068A003F1EAC /* Build configuration list for PBXProject "Lunixia" */ = {
			isa = XCConfigurationList;
			buildConfigurations = (
				CFBD95FD2FBE068C003F1EAC /* Debug */,
				CFBD95FE2FBE068C003F1EAC /* Release */,
			);
			defaultConfigurationIsVisible = 0;
			defaultConfigurationName = Release;
		};
		CFBD95FA2FBE068C003F1EAC /* Build configuration list for PBXNativeTarget "Lunixia" */ = {
			isa = XCConfigurationList;
			buildConfigurations = (
				CFBD95FB2FBE068C003F1EAC /* Debug */,
				CFBD95FC2FBE068C003F1EAC /* Release */,
			);
			defaultConfigurationIsVisible = 0;
			defaultConfigurationName = Release;
		};
		CFBD99D22FC86C63003F1EAC /* Build configuration list for PBXNativeTarget "LunixiaMonitor" */ = {
			isa = XCConfigurationList;
			buildConfigurations = (
				CFBD99D32FC86C63003F1EAC /* Debug */,
				CFBD99D42FC86C63003F1EAC /* Release */,
			);
			defaultConfigurationIsVisible = 0;
			defaultConfigurationName = Release;
		};
		CFBD99E82FC86CB8003F1EAC /* Build configuration list for PBXNativeTarget "LunixiaReport" */ = {
			isa = XCConfigurationList;
			buildConfigurations = (
				CFBD99E92FC86CB8003F1EAC /* Debug */,
				CFBD99EA2FC86CB8003F1EAC /* Release */,
			);
			defaultConfigurationIsVisible = 0;
			defaultConfigurationName = Release;
		};
		CFF2EC012FD1137900998C40 /* Build configuration list for PBXNativeTarget "LunixiaWidgetsExtension" */ = {
			isa = XCConfigurationList;
			buildConfigurations = (
				CFF2EBFF2FD1137900998C40 /* Debug */,
				CFF2EC002FD1137900998C40 /* Release */,
			);
			defaultConfigurationIsVisible = 0;
			defaultConfigurationName = Release;
		};
/* End XCConfigurationList section */
	};
	rootObject = CFBD95E42FBE068A003F1EAC /* Project object */;
}
